// !$*UTF8*$!
{
	archiveVersion = 1;
	classes = {
	};
	objectVersion = 56;
	objects = {

/* Begin PBXBuildFile section */
		6E681A3529F06D840073EAC9 /* NewPasswordViewController.swift in Sources */ = {isa = PBXBuildFile; fileRef = 6E681A3429F06D840073EAC9 /* NewPasswordViewController.swift */; };
		6E681A3729F06EBA0073EAC9 /* SuccessViewController.swift in Sources */ = {isa = PBXBuildFile; fileRef = 6E681A3629F06EBA0073EAC9 /* SuccessViewController.swift */; };
		6E7BB03829EED0F800383EAB /* SignUpViewController.swift in Sources */ = {isa = PBXBuildFile; fileRef = 6E7BB03729EED0F800383EAB /* SignUpViewController.swift */; };
		6E7BB06529EF20FD00383EAB /* ForgetPasswordViewController.swift in Sources */ = {isa = PBXBuildFile; fileRef = 6E7BB06429EF20FD00383EAB /* ForgetPasswordViewController.swift */; };
		6EBD550A29EAC8D300A30A7C /* AppDelegate.swift in Sources */ = {isa = PBXBuildFile; fileRef = 6EBD550929EAC8D300A30A7C /* AppDelegate.swift */; };
		6EBD550C29EAC8D300A30A7C /* SceneDelegate.swift in Sources */ = {isa = PBXBuildFile; fileRef = 6EBD550B29EAC8D300A30A7C /* SceneDelegate.swift */; };
		6EBD550E29EAC8D300A30A7C /* ViewController.swift in Sources */ = {isa = PBXBuildFile; fileRef = 6EBD550D29EAC8D300A30A7C /* ViewController.swift */; };
		6EBD551129EAC8D300A30A7C /* Main.storyboard in Resources */ = {isa = PBXBuildFile; fileRef = 6EBD550F29EAC8D300A30A7C /* Main.storyboard */; };
		6EBD551329EAC8D500A30A7C /* Assets.xcassets in Resources */ = {isa = PBXBuildFile; fileRef = 6EBD551229EAC8D500A30A7C /* Assets.xcassets */; };
		6EBD551629EAC8D500A30A7C /* LaunchScreen.storyboard in Resources */ = {isa = PBXBuildFile; fileRef = 6EBD551429EAC8D500A30A7C /* LaunchScreen.storyboard */; };
/* End PBXBuildFile section */

/* Begin PBXFileReference section */
		6E681A3429F06D840073EAC9 /* NewPasswordViewController.swift */ = {isa = PBXFileReference; lastKnownFileType = sourcecode.swift; path = NewPasswordViewController.swift; sourceTree = "<group>"; };
		6E681A3629F06EBA0073EAC9 /* SuccessViewController.swift */ = {isa = PBXFileReference; lastKnownFileType = sourcecode.swift; path = SuccessViewController.swift; sourceTree = "<group>"; };
		6E7BB03729EED0F800383EAB /* SignUpViewController.swift */ = {isa = PBXFileReference; lastKnownFileType = sourcecode.swift; path = SignUpViewController.swift; sourceTree = "<group>"; };
		6E7BB06429EF20FD00383EAB /* ForgetPasswordViewController.swift */ = {isa = PBXFileReference; lastKnownFileType = sourcecode.swift; path = ForgetPasswordViewController.swift; sourceTree = "<group>"; };
		6EBD550629EAC8D300A30A7C /* hw2month3.app */ = {isa = PBXFileReference; explicitFileType = wrapper.application; includeInIndex = 0; path = hw2month3.app; sourceTree = BUILT_PRODUCTS_DIR; };
		6EBD550929EAC8D300A30A7C /* AppDelegate.swift */ = {isa = PBXFileReference; lastKnownFileType = sourcecode.swift; path = AppDelegate.swift; sourceTree = "<group>"; };
		6EBD550B29EAC8D300A30A7C /* SceneDelegate.swift */ = {isa = PBXFileReference; lastKnownFileType = sourcecode.swift; path = SceneDelegate.swift; sourceTree = "<group>"; };
		6EBD550D29EAC8D300A30A7C /* ViewController.swift */ = {isa = PBXFileReference; lastKnownFileType = sourcecode.swift; path = ViewController.swift; sourceTree = "<group>"; };
		6EBD551029EAC8D300A30A7C /* Base */ = {isa = PBXFileReference; lastKnownFileType = file.storyboard; name = Base; path = Base.lproj/Main.storyboard; sourceTree = "<group>"; };
		6EBD551229EAC8D500A30A7C /* Assets.xcassets */ = {isa = PBXFileReference; lastKnownFileType = folder.assetcatalog; path = Assets.xcassets; sourceTree = "<group>"; };
		6EBD551529EAC8D500A30A7C /* Base */ = {isa = PBXFileReference; lastKnownFileType = file.storyboard; name = Base; path = Base.lproj/LaunchScreen.storyboard; sourceTree = "<group>"; };
		6EBD551729EAC8D500A30A7C /* Info.plist */ = {isa = PBXFileReference; lastKnownFileType = text.plist.xml; path = Info.plist; sourceTree = "<group>"; };
/* End PBXFileReference section */

/* Begin PBXFrameworksBuildPhase section */
		6EBD550329EAC8D300A30A7C /* Frameworks */ = {
			isa = PBXFrameworksBuildPhase;
			buildActionMask = 2147483647;
			files = (
			);
			runOnlyForDeploymentPostprocessing = 0;
		};
/* End PBXFrameworksBuildPhase section */

/* Begin PBXGroup section */
		6E7BB03529EED08C00383EAB /* Delegate  */ = {
			isa = PBXGroup;
			children = (
				6EBD550929EAC8D300A30A7C /* AppDelegate.swift */,
				6EBD550B29EAC8D300A30A7C /* SceneDelegate.swift */,
			);
			path = "Delegate ";
			sourceTree = "<group>";
		};
		6E7BB03629EED09E00383EAB /* Controllers */ = {
			isa = PBXGroup;
			children = (
				6EBD550D29EAC8D300A30A7C /* ViewController.swift */,
				6E7BB03729EED0F800383EAB /* SignUpViewController.swift */,
				6E7BB06429EF20FD00383EAB /* ForgetPasswordViewController.swift */,
				6E681A3429F06D840073EAC9 /* NewPasswordViewController.swift */,
				6E681A3629F06EBA0073EAC9 /* SuccessViewController.swift */,
			);
			path = Controllers;
			sourceTree = "<group>";
		};
		6EBD54FD29EAC8D300A30A7C = {
			isa = PBXGroup;
			children = (
				6EBD550829EAC8D300A30A7C /* hw2month3 */,
				6EBD550729EAC8D300A30A7C /* Products */,
			);
			sourceTree = "<group>";
		};
		6EBD550729EAC8D300A30A7C /* Products */ = {
			isa = PBXGroup;
			children = (
				6EBD550629EAC8D300A30A7C /* hw2month3.app */,
			);
			name = Products;
			sourceTree = "<group>";
		};
		6EBD550829EAC8D300A30A7C /* hw2month3 */ = {
			isa = PBXGroup;
			children = (
				6E7BB03629EED09E00383EAB /* Controllers */,
				6E7BB03529EED08C00383EAB /* Delegate  */,
				6EBD550F29EAC8D300A30A7C /* Main.storyboard */,
				6EBD551229EAC8D500A30A7C /* Assets.xcassets */,
				6EBD551429EAC8D500A30A7C /* LaunchScreen.storyboard */,
				6EBD551729EAC8D500A30A7C /* Info.plist */,
			);
			path = hw2month3;
			sourceTree = "<group>";
		};
/* End PBXGroup section */

/* Begin PBXNativeTarget section */
		6EBD550529EAC8D300A30A7C /* hw2month3 */ = {
			isa = PBXNativeTarget;
			buildConfigurationList = 6EBD551A29EAC8D500A30A7C /* Build configuration list for PBXNativeTarget "hw2month3" */;
			buildPhases = (
				6EBD550229EAC8D300A30A7C /* Sources */,
				6EBD550329EAC8D300A30A7C /* Frameworks */,
				6EBD550429EAC8D300A30A7C /* Resources */,
			);
			buildRules = (
			);
			dependencies = (
			);
			name = hw2month3;
			productName = hw2month3;
			productReference = 6EBD550629EAC8D300A30A7C /* hw2month3.app */;
			productType = "com.apple.product-type.application";
		};
/* End PBXNativeTarget section */

/* Begin PBXProject section */
		6EBD54FE29EAC8D300A30A7C /* Project object */ = {
			isa = PBXProject;
			attributes = {
				BuildIndependentTargetsInParallel = 1;
				LastSwiftUpdateCheck = 1400;
				LastUpgradeCheck = 1400;
				TargetAttributes = {
					6EBD550529EAC8D300A30A7C = {
						CreatedOnToolsVersion = 14.0;
					};
				};
			};
			buildConfigurationList = 6EBD550129EAC8D300A30A7C /* Build configuration list for PBXProject "hw2month3" */;
			compatibilityVersion = "Xcode 14.0";
			developmentRegion = en;
			hasScannedForEncodings = 0;
			knownRegions = (
				en,
				Base,
			);
			mainGroup = 6EBD54FD29EAC8D300A30A7C;
			productRefGroup = 6EBD550729EAC8D300A30A7C /* Products */;
			projectDirPath = "";
			projectRoot = "";
			targets = (
				6EBD550529EAC8D300A30A7C /* hw2month3 */,
			);
		};
/* End PBXProject section */

/* Begin PBXResourcesBuildPhase section */
		6EBD550429EAC8D300A30A7C /* Resources */ = {
			isa = PBXResourcesBuildPhase;
			buildActionMask = 2147483647;
			files = (
				6EBD551629EAC8D500A30A7C /* LaunchScreen.storyboard in Resources */,
				6EBD551329EAC8D500A30A7C /* Assets.xcassets in Resources */,
				6EBD551129EAC8D300A30A7C /* Main.storyboard in Resources */,
			);
			runOnlyForDeploymentPostprocessing = 0;
		};
/* End PBXResourcesBuildPhase section */

/* Begin PBXSourcesBuildPhase section */
		6EBD550229EAC8D300A30A7C /* Sources */ = {
			isa = PBXSourcesBuildPhase;
			buildActionMask = 2147483647;
			files = (
				6EBD550E29EAC8D300A30A7C /* ViewController.swift in Sources */,
				6E681A3729F06EBA0073EAC9 /* SuccessViewController.swift in Sources */,
				6E7BB06529EF20FD00383EAB /* ForgetPasswordViewController.swift in Sources */,
				6E681A3529F06D840073EAC9 /* NewPasswordViewController.swift in Sources */,
				6EBD550A29EAC8D300A30A7C /* AppDelegate.swift in Sources */,
				6E7BB03829EED0F800383EAB /* SignUpViewController.swift in Sources */,
				6EBD550C29EAC8D300A30A7C /* SceneDelegate.swift in Sources */,
			);
			runOnlyForDeploymentPostprocessing = 0;
		};
/* End PBXSourcesBuildPhase section */

/* Begin PBXVariantGroup section */
		6EBD550F29EAC8D300A30A7C /* Main.storyboard */ = {
			isa = PBXVariantGroup;
			children = (
				6EBD551029EAC8D300A30A7C /* Base */,
			);
			name = Main.storyboard;
			sourceTree = "<group>";
		};
		6EBD551429EAC8D500A30A7C /* LaunchScreen.storyboard */ = {
			isa = PBXVariantGroup;
			children = (
				6EBD551529EAC8D500A30A7C /* Base */,
			);
			name = LaunchScreen.storyboard;
			sourceTree = "<group>";
		};
/* End PBXVariantGroup section */

/* Begin XCBuildConfiguration section */
		6EBD551829EAC8D500A30A7C /* Debug */ = {
			isa = XCBuildConfiguration;
			buildSettings = {
				ALWAYS_SEARCH_USER_PATHS = NO;
				CLANG_ANALYZER_NONNULL = YES;
				CLANG_ANALYZER_NUMBER_OBJECT_CONVERSION = YES_AGGRESSIVE;
				CLANG_CXX_LANGUAGE_STANDARD = "gnu++20";
				CLANG_ENABLE_MODULES = YES;
				CLANG_ENABLE_OBJC_ARC = YES;
				CLANG_ENABLE_OBJC_WEAK = YES;
				CLANG_WARN_BLOCK_CAPTURE_AUTORELEASING = YES;
				CLANG_WARN_BOOL_CONVERSION = YES;
				CLANG_WARN_COMMA = YES;
				CLANG_WARN_CONSTANT_CONVERSION = YES;
				CLANG_WARN_DEPRECATED_OBJC_IMPLEMENTATIONS = YES;
				CLANG_WARN_DIRECT_OBJC_ISA_USAGE = YES_ERROR;
				CLANG_WARN_DOCUMENTATION_COMMENTS = YES;
				CLANG_WARN_EMPTY_BODY = YES;
				CLANG_WARN_ENUM_CONVERSION = YES;
				CLANG_WARN_INFINITE_RECURSION = YES;
				CLANG_WARN_INT_CONVERSION = YES;
				CLANG_WARN_NON_LITERAL_NULL_CONVERSION = YES;
				CLANG_WARN_OBJC_IMPLICIT_RETAIN_SELF = YES;
				CLANG_WARN_OBJC_LITERAL_CONVERSION = YES;
				CLANG_WARN_OBJC_ROOT_CLASS = YES_ERROR;
				CLANG_WARN_QUOTED_INCLUDE_IN_FRAMEWORK_HEADER = YES;
				CLANG_WARN_RANGE_LOOP_ANALYSIS = YES;
				CLANG_WARN_STRICT_PROTOTYPES = YES;
				CLANG_WARN_SUSPICIOUS_MOVE = YES;
				CLANG_WARN_UNGUARDED_AVAILABILITY = YES_AGGRESSIVE;
				CLANG_WARN_UNREACHABLE_CODE = YES;
				CLANG_WARN__DUPLICATE_METHOD_MATCH = YES;
				COPY_PHASE_STRIP = NO;
				DEBUG_INFORMATION_FORMAT = dwarf;
				ENABLE_STRICT_OBJC_MSGSEND = YES;
				ENABLE_TESTABILITY = YES;
				GCC_C_LANGUAGE_STANDARD = gnu11;
				GCC_DYNAMIC_NO_PIC = NO;
				GCC_NO_COMMON_BLOCKS = YES;
				GCC_OPTIMIZATION_LEVEL = 0;
				GCC_PREPROCESSOR_DEFINITIONS = (
					"DEBUG=1",
					"$(inherited)",
				);
				GCC_WARN_64_TO_32_BIT_CONVERSION = YES;
				GCC_WARN_ABOUT_RETURN_TYPE = YES_ERROR;
				GCC_WARN_UNDECLARED_SELECTOR = YES;
				GCC_WARN_UNINITIALIZED_AUTOS = YES_AGGRESSIVE;
				GCC_WARN_UNUSED_FUNCTION = YES;
				GCC_WARN_UNUSED_VARIABLE = YES;
				IPHONEOS_DEPLOYMENT_TARGET = 16.0;
				MTL_ENABLE_DEBUG_INFO = INCLUDE_SOURCE;
				MTL_FAST_MATH = YES;
				ONLY_ACTIVE_ARCH = YES;
				SDKROOT = iphoneos;
				SWIFT_ACTIVE_COMPILATION_CONDITIONS = DEBUG;
				SWIFT_OPTIMIZATION_LEVEL = "-Onone";
			};
			name = Debug;
		};
		6EBD551929EAC8D500A30A7C /* Release */ = {
			isa = XCBuildConfiguration;
			buildSettings = {
				ALWAYS_SEARCH_USER_PATHS = NO;
				CLANG_ANALYZER_NONNULL = YES;
				CLANG_ANALYZER_NUMBER_OBJECT_CONVERSION = YES_AGGRESSIVE;
				CLANG_CXX_LANGUAGE_STANDARD = "gnu++20";
				CLANG_ENABLE_MODULES = YES;
				CLANG_ENABLE_OBJC_ARC = YES;
				CLANG_ENABLE_OBJC_WEAK = YES;
				CLANG_WARN_BLOCK_CAPTURE_AUTORELEASING = YES;
				CLANG_WARN_BOOL_CONVERSION = YES;
				CLANG_WARN_COMMA = YES;
				CLANG_WARN_CONSTANT_CONVERSION = YES;
				CLANG_WARN_DEPRECATED_OBJC_IMPLEMENTATIONS = YES;
				CLANG_WARN_DIRECT_OBJC_ISA_USAGE = YES_ERROR;
				CLANG_WARN_DOCUMENTATION_COMMENTS = YES;
				CLANG_WARN_EMPTY_BODY = YES;
				CLANG_WARN_ENUM_CONVERSION = YES;
				CLANG_WARN_INFINITE_RECURSION = YES;
				CLANG_WARN_INT_CONVERSION = YES;
				CLANG_WARN_NON_LITERAL_NULL_CONVERSION = YES;
				CLANG_WARN_OBJC_IMPLICIT_RETAIN_SELF = YES;
				CLANG_WARN_OBJC_LITERAL_CONVERSION = YES;
				CLANG_WARN_OBJC_ROOT_CLASS = YES_ERROR;
				CLANG_WARN_QUOTED_INCLUDE_IN_FRAMEWORK_HEADER = YES;
				CLANG_WARN_RANGE_LOOP_ANALYSIS = YES;
				CLANG_WARN_STRICT_PROTOTYPES = YES;
				CLANG_WARN_SUSPICIOUS_MOVE = YES;
				CLANG_WARN_UNGUARDED_AVAILABILITY = YES_AGGRESSIVE;
				CLANG_WARN_UNREACHABLE_CODE = YES;
				CLANG_WARN__DUPLICATE_METHOD_MATCH = YES;
				COPY_PHASE_STRIP = NO;
				DEBUG_INFORMATION_FORMAT = "dwarf-with-dsym";
				ENABLE_NS_ASSERTIONS = NO;
				ENABLE_STRICT_OBJC_MSGSEND = YES;
				GCC_C_LANGUAGE_STANDARD = gnu11;
				GCC_NO_COMMON_BLOCKS = YES;
				GCC_WARN_64_TO_32_BIT_CONVERSION = YES;
				GCC_WARN_ABOUT_RETURN_TYPE = YES_ERROR;
				GCC_WARN_UNDECLARED_SELECTOR = YES;
				GCC_WARN_UNINITIALIZED_AUTOS = YES_AGGRESSIVE;
				GCC_WARN_UNUSED_FUNCTION = YES;
				GCC_WARN_UNUSED_VARIABLE = YES;
				IPHONEOS_DEPLOYMENT_TARGET = 16.0;
				MTL_ENABLE_DEBUG_INFO = NO;
				MTL_FAST_MATH = YES;
				SDKROOT = iphoneos;
				SWIFT_COMPILATION_MODE = wholemodule;
				SWIFT_OPTIMIZATION_LEVEL = "-O";
				VALIDATE_PRODUCT = YES;
			};
			name = Release;
		};
		6EBD551B29EAC8D500A30A7C /* Debug */ = {
			isa = XCBuildConfiguration;
			buildSettings = {
				ASSETCATALOG_COMPILER_APPICON_NAME = AppIcon;
				ASSETCATALOG_COMPILER_GLOBAL_ACCENT_COLOR_NAME = AccentColor;
				CODE_SIGN_STYLE = Automatic;
				CURRENT_PROJECT_VERSION = 1;
				GENERATE_INFOPLIST_FILE = YES;
				INFOPLIST_FILE = hw2month3/Info.plist;
				INFOPLIST_KEY_UIApplicationSupportsIndirectInputEvents = YES;
				INFOPLIST_KEY_UILaunchStoryboardName = LaunchScreen;
				INFOPLIST_KEY_UIMainStoryboardFile = Main;
				INFOPLIST_KEY_UISupportedInterfaceOrientations_iPad = "UIInterfaceOrientationPortrait UIInterfaceOrientationPortraitUpsideDown UIInterfaceOrientationLandscapeLeft UIInterfaceOrientationLandscapeRight";
				INFOPLIST_KEY_UISupportedInterfaceOrientations_iPhone = "UIInterfaceOrientationPortrait UIInterfaceOrientationLandscapeLeft UIInterfaceOrientationLandscapeRight";
				LD_RUNPATH_SEARCH_PATHS = (
					"$(inherited)",
					"@executable_path/Frameworks",
				);
				MARKETING_VERSION = 1.0;
				PRODUCT_BUNDLE_IDENTIFIER = "latte-art.hw2month3";
				PRODUCT_NAME = "$(TARGET_NAME)";
				SWIFT_EMIT_LOC_STRINGS = YES;
				SWIFT_VERSION = 5.0;
				TARGETED_DEVICE_FAMILY = "1,2";
			};
			name = Debug;
		};
		6EBD551C29EAC8D500A30A7C /* Release */ = {
			isa = XCBuildConfiguration;
			buildSettings = {
				ASSETCATALOG_COMPILER_APPICON_NAME = AppIcon;
				ASSETCATALOG_COMPILER_GLOBAL_ACCENT_COLOR_NAME = AccentColor;
				CODE_SIGN_STYLE = Automatic;
				CURRENT_PROJECT_VERSION = 1;
				GENERATE_INFOPLIST_FILE = YES;
				INFOPLIST_FILE = hw2month3/Info.plist;
				INFOPLIST_KEY_UIApplicationSupportsIndirectInputEvents = YES;
				INFOPLIST_KEY_UILaunchStoryboardName = LaunchScreen;
				INFOPLIST_KEY_UIMainStoryboardFile = Main;
				INFOPLIST_KEY_UISupportedInterfaceOrientations_iPad = "UIInterfaceOrientationPortrait UIInterfaceOrientationPortraitUpsideDown UIInterfaceOrientationLandscapeLeft UIInterfaceOrientationLandscapeRight";
				INFOPLIST_KEY_UISupportedInterfaceOrientations_iPhone = "UIInterfaceOrientationPortrait UIInterfaceOrientationLandscapeLeft UIInterfaceOrientationLandscapeRight";
				LD_RUNPATH_SEARCH_PATHS = (
					"$(inherited)",
					"@executable_path/Frameworks",
				);
				MARKETING_VERSION = 1.0;
				PRODUCT_BUNDLE_IDENTIFIER = "latte-art.hw2month3";
				PRODUCT_NAME = "$(TARGET_NAME)";
				SWIFT_EMIT_LOC_STRINGS = YES;
				SWIFT_VERSION = 5.0;
				TARGETED_DEVICE_FAMILY = "1,2";
			};
			name = Release;
		};
/* End XCBuildConfiguration section */

/* Begin XCConfigurationList section */
		6EBD550129EAC8D300A30A7C /* Build configuration list for PBXProject "hw2month3" */ = {
			isa = XCConfigurationList;
			buildConfigurations = (
				6EBD551829EAC8D500A30A7C /* Debug */,
				6EBD551929EAC8D500A30A7C /* Release */,
			);
			defaultConfigurationIsVisible = 0;
			defaultConfigurationName = Release;
		};
		6EBD551A29EAC8D500A30A7C /* Build configuration list for PBXNativeTarget "hw2month3" */ = {
			isa = XCConfigurationList;
			buildConfigurations = (
				6EBD551B29EAC8D500A30A7C /* Debug */,
				6EBD551C29EAC8D500A30A7C /* Release */,
			);
			defaultConfigurationIsVisible = 0;
			defaultConfigurationName = Release;
		};
/* End XCConfigurationList section */
	};
	rootObject = 6EBD54FE29EAC8D300A30A7C /* Project object */;
}
